
Microsoft Visual Studio Solution File, Format Version 12.00
# Visual Studio Version 17
VisualStudioVersion = 17.3.32929.385
MinimumVisualStudioVersion = 10.0.40219.1
Project("{FAE04EC0-301F-11D3-BF4B-00C04F79EFBC}") = "CryptoDemo", "CryptoDemo.csproj", "{DC6911CA-3683-4005-998E-0F3B76B52572}"
EndProject
Global
	GlobalSection(SolutionConfigurationPlatforms) = preSolution
		Debug|Any CPU = Debug|Any CPU
		Release|Any CPU = Release|Any CPU
	EndGlobalSection
	GlobalSection(ProjectConfigurationPlatforms) = postSolution
		{DC6911CA-3683-4005-998E-0F3B76B52572}.Debug|Any CPU.ActiveCfg = Debug|Any CPU
		{DC6911CA-3683-4005-998E-0F3B76B52572}.Debug|Any CPU.Build.0 = Debug|Any CPU
		{DC6911CA-3683-4005-998E-0F3B76B52572}.Release|Any CPU.ActiveCfg = Release|Any CPU
		{DC6911CA-3683-4005-998E-0F3B76B52572}.Release|Any CPU.Build.0 = Release|Any CPU
	EndGlobalSection
	GlobalSection(SolutionProperties) = preSolution
		HideSolutionNode = FALSE
	EndGlobalSection
	GlobalSection(ExtensibilityGlobals) = postSolution
		SolutionGuid = {95B2F9AD-A438-4193-8E81-F710897D7593}
	EndGlobalSection
EndGlobal
